
Microsoft Visual Studio Solution File, Format Version 12.00
# Visual Studio Version 16
VisualStudioVersion = 16.0.30406.217
MinimumVisualStudioVersion = 10.0.40219.1
Project("{9A19103F-16F7-4668-BE54-9A1E7A4F7556}") = "ExpressionDelegates.Base", "AccessorGenerator.Core\ExpressionDelegates.Base.csproj", "{28C03959-B861-406E-BC7D-3A8514DC5003}"
EndProject
Project("{9A19103F-16F7-4668-BE54-9A1E7A4F7556}") = "ExpressionDelegates.Tests", "AccessorGenerator.Tests\ExpressionDelegates.Tests.csproj", "{87F01606-B8F6-4859-890A-F7B5C2479F7C}"
EndProject
Project("{9A19103F-16F7-4668-BE54-9A1E7A4F7556}") = "ExpressionDelegates.Generators", "AccessorGenerator\ExpressionDelegates.Generators.csproj", "{A6989ADA-CD30-4FF1-A996-5015719793B2}"
EndProject
Global
	GlobalSection(SolutionConfigurationPlatforms) = preSolution
		Debug|Any CPU = Debug|Any CPU
		Release|Any CPU = Release|Any CPU
	EndGlobalSection
	GlobalSection(ProjectConfigurationPlatforms) = postSolution
		{28C03959-B861-406E-BC7D-3A8514DC5003}.Debug|Any CPU.ActiveCfg = Debug|Any CPU
		{28C03959-B861-406E-BC7D-3A8514DC5003}.Debug|Any CPU.Build.0 = Debug|Any CPU
		{28C03959-B861-406E-BC7D-3A8514DC5003}.Release|Any CPU.ActiveCfg = Release|Any CPU
		{28C03959-B861-406E-BC7D-3A8514DC5003}.Release|Any CPU.Build.0 = Release|Any CPU
		{87F01606-B8F6-4859-890A-F7B5C2479F7C}.Debug|Any CPU.ActiveCfg = Debug|Any CPU
		{87F01606-B8F6-4859-890A-F7B5C2479F7C}.Debug|Any CPU.Build.0 = Debug|Any CPU
		{87F01606-B8F6-4859-890A-F7B5C2479F7C}.Release|Any CPU.ActiveCfg = Release|Any CPU
		{87F01606-B8F6-4859-890A-F7B5C2479F7C}.Release|Any CPU.Build.0 = Release|Any CPU
		{A6989ADA-CD30-4FF1-A996-5015719793B2}.Debug|Any CPU.ActiveCfg = Debug|Any CPU
		{A6989ADA-CD30-4FF1-A996-5015719793B2}.Debug|Any CPU.Build.0 = Debug|Any CPU
		{A6989ADA-CD30-4FF1-A996-5015719793B2}.Release|Any CPU.ActiveCfg = Release|Any CPU
		{A6989ADA-CD30-4FF1-A996-5015719793B2}.Release|Any CPU.Build.0 = Release|Any CPU
	EndGlobalSection
	GlobalSection(SolutionProperties) = preSolution
		HideSolutionNode = FALSE
	EndGlobalSection
	GlobalSection(ExtensibilityGlobals) = postSolution
		SolutionGuid = {DE500C83-1930-4D40-9682-92FDC3122C03}
	EndGlobalSection
EndGlobal
